
Microsoft Visual Studio Solution File, Format Version 12.00
# Visual Studio Version 16
VisualStudioVersion = 16.0.30225.117
MinimumVisualStudioVersion = 10.0.40219.1
Project("{FAE04EC0-301F-11D3-BF4B-00C04F79EFBC}") = "LicenseManager", "LicenseManager\LicenseManager.csproj", "{27417D72-2879-4AB4-8F17-1ACB9235F428}"
EndProject
Global
	GlobalSection(SolutionConfigurationPlatforms) = preSolution
		Debug|Any CPU = Debug|Any CPU
		Release|Any CPU = Release|Any CPU
	EndGlobalSection
	GlobalSection(ProjectConfigurationPlatforms) = postSolution
		{27417D72-2879-4AB4-8F17-1ACB9235F428}.Debug|Any CPU.ActiveCfg = Debug|Any CPU
		{27417D72-2879-4AB4-8F17-1ACB9235F428}.Debug|Any CPU.Build.0 = Debug|Any CPU
		{27417D72-2879-4AB4-8F17-1ACB9235F428}.Release|Any CPU.ActiveCfg = Release|Any CPU
		{27417D72-2879-4AB4-8F17-1ACB9235F428}.Release|Any CPU.Build.0 = Release|Any CPU
	EndGlobalSection
	GlobalSection(SolutionProperties) = preSolution
		HideSolutionNode = FALSE
	EndGlobalSection
	GlobalSection(ExtensibilityGlobals) = postSolution
		SolutionGuid = {F7437281-A0B4-41BE-B973-F2FE37333BA0}
	EndGlobalSection
EndGlobal
